
Microsoft Visual Studio Solution File, Format Version 12.00
# Visual Studio 2012
Project("{FAE04EC0-301F-11D3-BF4B-00C04F79EFBC}") = "AutoZilla.Core", "AutoZilla.Core\AutoZilla.Core.csproj", "{0E688808-CF82-4376-85B5-E42883230455}"
EndProject
Project("{FAE04EC0-301F-11D3-BF4B-00C04F79EFBC}") = "AutoZilla.Demo1", "AutoZilla.Demo1\AutoZilla.Demo1.csproj", "{D5CDA5CE-FFE4-4DC6-89FA-669A8A1D97E9}"
EndProject
Project("{FAE04EC0-301F-11D3-BF4B-00C04F79EFBC}") = "AutoZilla", "AutoZilla\AutoZilla.csproj", "{B29555DF-4107-463C-B7F8-A2B5AAAF0F62}"
EndProject
Project("{FAE04EC0-301F-11D3-BF4B-00C04F79EFBC}") = "AutoZilla.Core.Tests", "AutoZilla.Core.Tests\AutoZilla.Core.Tests.csproj", "{0B517C6F-54ED-4932-914B-D065733903BD}"
	ProjectSection(ProjectDependencies) = postProject
		{0E688808-CF82-4376-85B5-E42883230455} = {0E688808-CF82-4376-85B5-E42883230455}
	EndProjectSection
EndProject
Project("{2150E333-8FDC-42A3-9474-1A3956D46DE8}") = "Docs", "Docs", "{12D50838-137B-47C5-AF8F-F69E3E521424}"
	ProjectSection(SolutionItems) = preProject
		readme.md = readme.md
	EndProjectSection
EndProject
Project("{FAE04EC0-301F-11D3-BF4B-00C04F79EFBC}") = "AutoZilla.Plugins.MSSQL", "AutoZilla.Plugins.MSSQL\AutoZilla.Plugins.MSSQL.csproj", "{DBF89F0D-6B49-4774-B4E9-2EC73F82666B}"
EndProject
Project("{FAE04EC0-301F-11D3-BF4B-00C04F79EFBC}") = "MiscUtils", "MiscUtils\MiscUtils\MiscUtils.csproj", "{5C796F83-BB37-4012-981C-F3CE36AE6681}"
EndProject
Global
	GlobalSection(SolutionConfigurationPlatforms) = preSolution
		Debug|Any CPU = Debug|Any CPU
		Release|Any CPU = Release|Any CPU
	EndGlobalSection
	GlobalSection(ProjectConfigurationPlatforms) = postSolution
		{0E688808-CF82-4376-85B5-E42883230455}.Debug|Any CPU.ActiveCfg = Debug|Any CPU
		{0E688808-CF82-4376-85B5-E42883230455}.Debug|Any CPU.Build.0 = Debug|Any CPU
		{0E688808-CF82-4376-85B5-E42883230455}.Release|Any CPU.ActiveCfg = Release|Any CPU
		{0E688808-CF82-4376-85B5-E42883230455}.Release|Any CPU.Build.0 = Release|Any CPU
		{D5CDA5CE-FFE4-4DC6-89FA-669A8A1D97E9}.Debug|Any CPU.ActiveCfg = Debug|Any CPU
		{D5CDA5CE-FFE4-4DC6-89FA-669A8A1D97E9}.Debug|Any CPU.Build.0 = Debug|Any CPU
		{D5CDA5CE-FFE4-4DC6-89FA-669A8A1D97E9}.Release|Any CPU.ActiveCfg = Release|Any CPU
		{D5CDA5CE-FFE4-4DC6-89FA-669A8A1D97E9}.Release|Any CPU.Build.0 = Release|Any CPU
		{B29555DF-4107-463C-B7F8-A2B5AAAF0F62}.Debug|Any CPU.ActiveCfg = Debug|Any CPU
		{B29555DF-4107-463C-B7F8-A2B5AAAF0F62}.Debug|Any CPU.Build.0 = Debug|Any CPU
		{B29555DF-4107-463C-B7F8-A2B5AAAF0F62}.Release|Any CPU.ActiveCfg = Release|Any CPU
		{B29555DF-4107-463C-B7F8-A2B5AAAF0F62}.Release|Any CPU.Build.0 = Release|Any CPU
		{0B517C6F-54ED-4932-914B-D065733903BD}.Debug|Any CPU.ActiveCfg = Debug|Any CPU
		{0B517C6F-54ED-4932-914B-D065733903BD}.Debug|Any CPU.Build.0 = Debug|Any CPU
		{0B517C6F-54ED-4932-914B-D065733903BD}.Release|Any CPU.ActiveCfg = Release|Any CPU
		{0B517C6F-54ED-4932-914B-D065733903BD}.Release|Any CPU.Build.0 = Release|Any CPU
		{DBF89F0D-6B49-4774-B4E9-2EC73F82666B}.Debug|Any CPU.ActiveCfg = Debug|Any CPU
		{DBF89F0D-6B49-4774-B4E9-2EC73F82666B}.Debug|Any CPU.Build.0 = Debug|Any CPU
		{DBF89F0D-6B49-4774-B4E9-2EC73F82666B}.Release|Any CPU.ActiveCfg = Release|Any CPU
		{DBF89F0D-6B49-4774-B4E9-2EC73F82666B}.Release|Any CPU.Build.0 = Release|Any CPU
		{5C796F83-BB37-4012-981C-F3CE36AE6681}.Debug|Any CPU.ActiveCfg = Debug|Any CPU
		{5C796F83-BB37-4012-981C-F3CE36AE6681}.Debug|Any CPU.Build.0 = Debug|Any CPU
		{5C796F83-BB37-4012-981C-F3CE36AE6681}.Release|Any CPU.ActiveCfg = Release|Any CPU
		{5C796F83-BB37-4012-981C-F3CE36AE6681}.Release|Any CPU.Build.0 = Release|Any CPU
	EndGlobalSection
	GlobalSection(SolutionProperties) = preSolution
		HideSolutionNode = FALSE
	EndGlobalSection
EndGlobal
