
Microsoft Visual Studio Solution File, Format Version 12.00
# Visual Studio 2012
Project("{FAE04EC0-301F-11D3-BF4B-00C04F79EFBC}") = "MiscUtils", "MiscUtils\MiscUtils.csproj", "{5C796F83-BB37-4012-981C-F3CE36AE6681}"
EndProject
Project("{FAE04EC0-301F-11D3-BF4B-00C04F79EFBC}") = "MiscUtils.Tests", "MiscUtils.Tests\MiscUtils.Tests.csproj", "{37ECD798-AC9D-42D7-9F73-3641ECCB87FC}"
EndProject
Project("{2150E333-8FDC-42A3-9474-1A3956D46DE8}") = ".nuget", ".nuget", "{9B44842F-B6F4-418E-8B79-CE87F8F2C49E}"
	ProjectSection(SolutionItems) = preProject
		.nuget\packages.config = .nuget\packages.config
	EndProjectSection
EndProject
Global
	GlobalSection(SolutionConfigurationPlatforms) = preSolution
		Debug|Any CPU = Debug|Any CPU
		Release|Any CPU = Release|Any CPU
	EndGlobalSection
	GlobalSection(ProjectConfigurationPlatforms) = postSolution
		{5C796F83-BB37-4012-981C-F3CE36AE6681}.Debug|Any CPU.ActiveCfg = Debug|Any CPU
		{5C796F83-BB37-4012-981C-F3CE36AE6681}.Debug|Any CPU.Build.0 = Debug|Any CPU
		{5C796F83-BB37-4012-981C-F3CE36AE6681}.Release|Any CPU.ActiveCfg = Release|Any CPU
		{5C796F83-BB37-4012-981C-F3CE36AE6681}.Release|Any CPU.Build.0 = Release|Any CPU
		{37ECD798-AC9D-42D7-9F73-3641ECCB87FC}.Debug|Any CPU.ActiveCfg = Debug|Any CPU
		{37ECD798-AC9D-42D7-9F73-3641ECCB87FC}.Debug|Any CPU.Build.0 = Debug|Any CPU
		{37ECD798-AC9D-42D7-9F73-3641ECCB87FC}.Release|Any CPU.ActiveCfg = Release|Any CPU
		{37ECD798-AC9D-42D7-9F73-3641ECCB87FC}.Release|Any CPU.Build.0 = Release|Any CPU
	EndGlobalSection
	GlobalSection(SolutionProperties) = preSolution
		HideSolutionNode = FALSE
	EndGlobalSection
EndGlobal
